
Microsoft Visual Studio Solution File, Format Version 12.00
# Visual Studio 2013
VisualStudioVersion = 12.0.21005.1
MinimumVisualStudioVersion = 10.0.40219.1
Project("{FAE04EC0-301F-11D3-BF4B-00C04F79EFBC}") = "EDF dev", "EDF dev\EDF dev.csproj", "{1B59F391-50F1-49E4-841F-B99AF1DBB5F0}"
	ProjectSection(ProjectDependencies) = postProject
		{4A8506C9-B974-4C0A-B10E-31C87146557C} = {4A8506C9-B974-4C0A-B10E-31C87146557C}
	EndProjectSection
EndProject
Project("{2150E333-8FDC-42A3-9474-1A3956D46DE8}") = "EDF Modules", "EDF Modules", "{02CA858B-AD61-42B9-82A4-F288245E1048}"
EndProject
Project("{FAE04EC0-301F-11D3-BF4B-00C04F79EFBC}") = "Zeiglers", "EDF Modules\Zeiglers\Zeiglers.csproj", "{4A8506C9-B974-4C0A-B10E-31C87146557C}"
EndProject
Project("{FAE04EC0-301F-11D3-BF4B-00C04F79EFBC}") = "Eswimelite", "EDF Modules\Eswimelite\Eswimelite.csproj", "{988F487D-832A-4246-86BC-7DF254F36887}"
EndProject
Project("{FAE04EC0-301F-11D3-BF4B-00C04F79EFBC}") = "ObxHdSmith", "EDF Modules\ObxHdSmith\ObxHdSmith.csproj", "{C2D6C45A-DB6B-4805-B820-15662CF5AACF}"
EndProject
Global
	GlobalSection(SolutionConfigurationPlatforms) = preSolution
		Debug|Any CPU = Debug|Any CPU
		Release|Any CPU = Release|Any CPU
	EndGlobalSection
	GlobalSection(ProjectConfigurationPlatforms) = postSolution
		{1B59F391-50F1-49E4-841F-B99AF1DBB5F0}.Debug|Any CPU.ActiveCfg = Debug|Any CPU
		{1B59F391-50F1-49E4-841F-B99AF1DBB5F0}.Debug|Any CPU.Build.0 = Debug|Any CPU
		{1B59F391-50F1-49E4-841F-B99AF1DBB5F0}.Release|Any CPU.ActiveCfg = Release|Any CPU
		{1B59F391-50F1-49E4-841F-B99AF1DBB5F0}.Release|Any CPU.Build.0 = Release|Any CPU
		{4A8506C9-B974-4C0A-B10E-31C87146557C}.Debug|Any CPU.ActiveCfg = Debug|Any CPU
		{4A8506C9-B974-4C0A-B10E-31C87146557C}.Debug|Any CPU.Build.0 = Debug|Any CPU
		{4A8506C9-B974-4C0A-B10E-31C87146557C}.Release|Any CPU.ActiveCfg = Release|Any CPU
		{4A8506C9-B974-4C0A-B10E-31C87146557C}.Release|Any CPU.Build.0 = Release|Any CPU
		{988F487D-832A-4246-86BC-7DF254F36887}.Debug|Any CPU.ActiveCfg = Debug|Any CPU
		{988F487D-832A-4246-86BC-7DF254F36887}.Debug|Any CPU.Build.0 = Debug|Any CPU
		{988F487D-832A-4246-86BC-7DF254F36887}.Release|Any CPU.ActiveCfg = Release|Any CPU
		{988F487D-832A-4246-86BC-7DF254F36887}.Release|Any CPU.Build.0 = Release|Any CPU
		{C2D6C45A-DB6B-4805-B820-15662CF5AACF}.Debug|Any CPU.ActiveCfg = Debug|Any CPU
		{C2D6C45A-DB6B-4805-B820-15662CF5AACF}.Debug|Any CPU.Build.0 = Debug|Any CPU
		{C2D6C45A-DB6B-4805-B820-15662CF5AACF}.Release|Any CPU.ActiveCfg = Release|Any CPU
		{C2D6C45A-DB6B-4805-B820-15662CF5AACF}.Release|Any CPU.Build.0 = Release|Any CPU
	EndGlobalSection
	GlobalSection(SolutionProperties) = preSolution
		HideSolutionNode = FALSE
	EndGlobalSection
	GlobalSection(NestedProjects) = preSolution
		{4A8506C9-B974-4C0A-B10E-31C87146557C} = {02CA858B-AD61-42B9-82A4-F288245E1048}
		{988F487D-832A-4246-86BC-7DF254F36887} = {02CA858B-AD61-42B9-82A4-F288245E1048}
		{C2D6C45A-DB6B-4805-B820-15662CF5AACF} = {02CA858B-AD61-42B9-82A4-F288245E1048}
	EndGlobalSection
EndGlobal
